// !$*UTF8*$!
{
	archiveVersion = 1;
	classes = {
	};
	objectVersion = 50;
	objects = {

/* Begin PBXBuildFile section */
		6709DEE325BAE2AE004C2827 /* AppDelegate.swift in Sources */ = {isa = PBXBuildFile; fileRef = 6709DEE225BAE2AE004C2827 /* AppDelegate.swift */; };
		6709DEE525BAE2AE004C2827 /* SceneDelegate.swift in Sources */ = {isa = PBXBuildFile; fileRef = 6709DEE425BAE2AE004C2827 /* SceneDelegate.swift */; };
		6709DEE725BAE2AE004C2827 /* ViewController.swift in Sources */ = {isa = PBXBuildFile; fileRef = 6709DEE625BAE2AE004C2827 /* ViewController.swift */; };
		6709DEED25BAE2AE004C2827 /* VideoR.xcdatamodeld in Sources */ = {isa = PBXBuildFile; fileRef = 6709DEEB25BAE2AE004C2827 /* VideoR.xcdatamodeld */; };
		6709DEEF25BAE2B0004C2827 /* Assets.xcassets in Resources */ = {isa = PBXBuildFile; fileRef = 6709DEEE25BAE2B0004C2827 /* Assets.xcassets */; };
		6709DEF225BAE2B0004C2827 /* LaunchScreen.storyboard in Resources */ = {isa = PBXBuildFile; fileRef = 6709DEF025BAE2B0004C2827 /* LaunchScreen.storyboard */; };
		6709DEFD25BAE2B0004C2827 /* VideoRTests.swift in Sources */ = {isa = PBXBuildFile; fileRef = 6709DEFC25BAE2B0004C2827 /* VideoRTests.swift */; };
		6709DF0825BAE2B0004C2827 /* VideoRUITests.swift in Sources */ = {isa = PBXBuildFile; fileRef = 6709DF0725BAE2B0004C2827 /* VideoRUITests.swift */; };
		6709DF2925BAE46E004C2827 /* Main.storyboard in Resources */ = {isa = PBXBuildFile; fileRef = 6709DF2825BAE46E004C2827 /* Main.storyboard */; };
		6709DF2F25BAE50F004C2827 /* StartPageAnimator.swift in Sources */ = {isa = PBXBuildFile; fileRef = 6709DF2E25BAE50F004C2827 /* StartPageAnimator.swift */; };
		6709DF4F25BAEAB7004C2827 /* AppleIDButton.swift in Sources */ = {isa = PBXBuildFile; fileRef = 6709DF4C25BAEAB6004C2827 /* AppleIDButton.swift */; };
		6709DF5125BAEAB7004C2827 /* StartPageButton.swift in Sources */ = {isa = PBXBuildFile; fileRef = 6709DF4E25BAEAB7004C2827 /* StartPageButton.swift */; };
		6709DF5725BAEBA8004C2827 /* VideoView.swift in Sources */ = {isa = PBXBuildFile; fileRef = 6709DF5625BAEBA8004C2827 /* VideoView.swift */; };
		6709DF7625BAF105004C2827 /* LessonPageModuleContract.swift in Sources */ = {isa = PBXBuildFile; fileRef = 6709DF7125BAF105004C2827 /* LessonPageModuleContract.swift */; };
		6709DF7725BAF105004C2827 /* LessonPageModulePresenter.swift in Sources */ = {isa = PBXBuildFile; fileRef = 6709DF7225BAF105004C2827 /* LessonPageModulePresenter.swift */; };
		6709DF7825BAF105004C2827 /* LessonPageModuleRouter.swift in Sources */ = {isa = PBXBuildFile; fileRef = 6709DF7325BAF105004C2827 /* LessonPageModuleRouter.swift */; };
		6709DF7925BAF105004C2827 /* LessonPageModuleViewController.swift in Sources */ = {isa = PBXBuildFile; fileRef = 6709DF7425BAF105004C2827 /* LessonPageModuleViewController.swift */; };
		6709DF7A25BAF105004C2827 /* LessonPageModuleInteractor.swift in Sources */ = {isa = PBXBuildFile; fileRef = 6709DF7525BAF105004C2827 /* LessonPageModuleInteractor.swift */; };
		6709DF9425BAF866004C2827 /* LessonVideoModel.swift in Sources */ = {isa = PBXBuildFile; fileRef = 6709DF9325BAF866004C2827 /* LessonVideoModel.swift */; };
		6709DF9925BAFC6B004C2827 /* LessonPageSingleViewController.swift in Sources */ = {isa = PBXBuildFile; fileRef = 6709DF9825BAFC6B004C2827 /* LessonPageSingleViewController.swift */; };
		6709DFA325BB123C004C2827 /* Template.storyboard in Resources */ = {isa = PBXBuildFile; fileRef = 6709DFA225BB123C004C2827 /* Template.storyboard */; };
		6709DFA825BB14A6004C2827 /* LessonVideoView.swift in Sources */ = {isa = PBXBuildFile; fileRef = 6709DFA725BB14A6004C2827 /* LessonVideoView.swift */; };
		6709DFBD25BB571D004C2827 /* LessonPageAuthViewController.swift in Sources */ = {isa = PBXBuildFile; fileRef = 6709DFBC25BB571D004C2827 /* LessonPageAuthViewController.swift */; };
		6709DFC625BC1DB6004C2827 /* RenderingEngine.swift in Sources */ = {isa = PBXBuildFile; fileRef = 6709DFC525BC1DB6004C2827 /* RenderingEngine.swift */; };
		6709DFF225BC2A2F004C2827 /* SampleVideo.mp4 in Resources */ = {isa = PBXBuildFile; fileRef = 6709DFEE25BC2A2F004C2827 /* SampleVideo.mp4 */; };
		6709DFF325BC2A2F004C2827 /* Pexels Videos 2795399.mp4 in Resources */ = {isa = PBXBuildFile; fileRef = 6709DFEF25BC2A2F004C2827 /* Pexels Videos 2795399.mp4 */; };
		6709DFF425BC2A2F004C2827 /* production ID_4435249.mp4 in Resources */ = {isa = PBXBuildFile; fileRef = 6709DFF025BC2A2F004C2827 /* production ID_4435249.mp4 */; };
		6709DFF525BC2A2F004C2827 /* StartPageBackgroundVideo.mp4 in Resources */ = {isa = PBXBuildFile; fileRef = 6709DFF125BC2A2F004C2827 /* StartPageBackgroundVideo.mp4 */; };
		6709E01525BDB760004C2827 /* TemplatesPageContract.swift in Sources */ = {isa = PBXBuildFile; fileRef = 6709E01025BDB760004C2827 /* TemplatesPageContract.swift */; };
		6709E01625BDB760004C2827 /* TemplatesPagePresenter.swift in Sources */ = {isa = PBXBuildFile; fileRef = 6709E01125BDB760004C2827 /* TemplatesPagePresenter.swift */; };
		6709E01725BDB760004C2827 /* TemplatesPageRouter.swift in Sources */ = {isa = PBXBuildFile; fileRef = 6709E01225BDB760004C2827 /* TemplatesPageRouter.swift */; };
		6709E01825BDB760004C2827 /* TemplatesPageViewController.swift in Sources */ = {isa = PBXBuildFile; fileRef = 6709E01325BDB760004C2827 /* TemplatesPageViewController.swift */; };
		6709E01925BDB760004C2827 /* TemplatesPageInteractor.swift in Sources */ = {isa = PBXBuildFile; fileRef = 6709E01425BDB760004C2827 /* TemplatesPageInteractor.swift */; };
		6709E01F25BDB979004C2827 /* TemplateModels.swift in Sources */ = {isa = PBXBuildFile; fileRef = 6709E01E25BDB979004C2827 /* TemplateModels.swift */; };
		6709E02825BDBB0F004C2827 /* Constants.swift in Sources */ = {isa = PBXBuildFile; fileRef = 6709E02725BDBB0F004C2827 /* Constants.swift */; };
		6709E03425BDBC3A004C2827 /* TemplatesPageCollectionViewCell.swift in Sources */ = {isa = PBXBuildFile; fileRef = 6709E03325BDBC3A004C2827 /* TemplatesPageCollectionViewCell.swift */; };
		6709E03A25BDE2A0004C2827 /* LessonPageTransitionController.swift in Sources */ = {isa = PBXBuildFile; fileRef = 6709E03925BDE2A0004C2827 /* LessonPageTransitionController.swift */; };
		6709E04325BDE40F004C2827 /* LessonPageConstants.swift in Sources */ = {isa = PBXBuildFile; fileRef = 6709E04225BDE40F004C2827 /* LessonPageConstants.swift */; };
/* End PBXBuildFile section */

/* Begin PBXContainerItemProxy section */
		6709DEF925BAE2B0004C2827 /* PBXContainerItemProxy */ = {
			isa = PBXContainerItemProxy;
			containerPortal = 6709DED725BAE2AE004C2827 /* Project object */;
			proxyType = 1;
			remoteGlobalIDString = 6709DEDE25BAE2AE004C2827;
			remoteInfo = VideoR;
		};
		6709DF0425BAE2B0004C2827 /* PBXContainerItemProxy */ = {
			isa = PBXContainerItemProxy;
			containerPortal = 6709DED725BAE2AE004C2827 /* Project object */;
			proxyType = 1;
			remoteGlobalIDString = 6709DEDE25BAE2AE004C2827;
			remoteInfo = VideoR;
		};
/* End PBXContainerItemProxy section */

/* Begin PBXFileReference section */
		6709DEDF25BAE2AE004C2827 /* VideoR.app */ = {isa = PBXFileReference; explicitFileType = wrapper.application; includeInIndex = 0; path = VideoR.app; sourceTree = BUILT_PRODUCTS_DIR; };
		6709DEE225BAE2AE004C2827 /* AppDelegate.swift */ = {isa = PBXFileReference; lastKnownFileType = sourcecode.swift; path = AppDelegate.swift; sourceTree = "<group>"; };
		6709DEE425BAE2AE004C2827 /* SceneDelegate.swift */ = {isa = PBXFileReference; lastKnownFileType = sourcecode.swift; path = SceneDelegate.swift; sourceTree = "<group>"; };
		6709DEE625BAE2AE004C2827 /* ViewController.swift */ = {isa = PBXFileReference; lastKnownFileType = sourcecode.swift; path = ViewController.swift; sourceTree = "<group>"; };
		6709DEEC25BAE2AE004C2827 /* VideoR.xcdatamodel */ = {isa = PBXFileReference; lastKnownFileType = wrapper.xcdatamodel; path = VideoR.xcdatamodel; sourceTree = "<group>"; };
		6709DEEE25BAE2B0004C2827 /* Assets.xcassets */ = {isa = PBXFileReference; lastKnownFileType = folder.assetcatalog; path = Assets.xcassets; sourceTree = "<group>"; };
		6709DEF125BAE2B0004C2827 /* Base */ = {isa = PBXFileReference; lastKnownFileType = file.storyboard; name = Base; path = Base.lproj/LaunchScreen.storyboard; sourceTree = "<group>"; };
		6709DEF325BAE2B0004C2827 /* Info.plist */ = {isa = PBXFileReference; lastKnownFileType = text.plist.xml; path = Info.plist; sourceTree = "<group>"; };
		6709DEF825BAE2B0004C2827 /* VideoRTests.xctest */ = {isa = PBXFileReference; explicitFileType = wrapper.cfbundle; includeInIndex = 0; path = VideoRTests.xctest; sourceTree = BUILT_PRODUCTS_DIR; };
		6709DEFC25BAE2B0004C2827 /* VideoRTests.swift */ = {isa = PBXFileReference; lastKnownFileType = sourcecode.swift; path = VideoRTests.swift; sourceTree = "<group>"; };
		6709DEFE25BAE2B0004C2827 /* Info.plist */ = {isa = PBXFileReference; lastKnownFileType = text.plist.xml; path = Info.plist; sourceTree = "<group>"; };
		6709DF0325BAE2B0004C2827 /* VideoRUITests.xctest */ = {isa = PBXFileReference; explicitFileType = wrapper.cfbundle; includeInIndex = 0; path = VideoRUITests.xctest; sourceTree = BUILT_PRODUCTS_DIR; };
		6709DF0725BAE2B0004C2827 /* VideoRUITests.swift */ = {isa = PBXFileReference; lastKnownFileType = sourcecode.swift; path = VideoRUITests.swift; sourceTree = "<group>"; };
		6709DF0925BAE2B0004C2827 /* Info.plist */ = {isa = PBXFileReference; lastKnownFileType = text.plist.xml; path = Info.plist; sourceTree = "<group>"; };
		6709DF2825BAE46E004C2827 /* Main.storyboard */ = {isa = PBXFileReference; fileEncoding = 4; lastKnownFileType = file.storyboard; path = Main.storyboard; sourceTree = "<group>"; };
		6709DF2E25BAE50F004C2827 /* StartPageAnimator.swift */ = {isa = PBXFileReference; fileEncoding = 4; lastKnownFileType = sourcecode.swift; path = StartPageAnimator.swift; sourceTree = "<group>"; };
		6709DF4C25BAEAB6004C2827 /* AppleIDButton.swift */ = {isa = PBXFileReference; fileEncoding = 4; lastKnownFileType = sourcecode.swift; path = AppleIDButton.swift; sourceTree = "<group>"; };
		6709DF4E25BAEAB7004C2827 /* StartPageButton.swift */ = {isa = PBXFileReference; fileEncoding = 4; lastKnownFileType = sourcecode.swift; path = StartPageButton.swift; sourceTree = "<group>"; };
		6709DF5625BAEBA8004C2827 /* VideoView.swift */ = {isa = PBXFileReference; fileEncoding = 4; lastKnownFileType = sourcecode.swift; path = VideoView.swift; sourceTree = "<group>"; };
		6709DF7125BAF105004C2827 /* LessonPageModuleContract.swift */ = {isa = PBXFileReference; lastKnownFileType = sourcecode.swift; path = LessonPageModuleContract.swift; sourceTree = "<group>"; };
		6709DF7225BAF105004C2827 /* LessonPageModulePresenter.swift */ = {isa = PBXFileReference; lastKnownFileType = sourcecode.swift; path = LessonPageModulePresenter.swift; sourceTree = "<group>"; };
		6709DF7325BAF105004C2827 /* LessonPageModuleRouter.swift */ = {isa = PBXFileReference; lastKnownFileType = sourcecode.swift; path = LessonPageModuleRouter.swift; sourceTree = "<group>"; };
		6709DF7425BAF105004C2827 /* LessonPageModuleViewController.swift */ = {isa = PBXFileReference; lastKnownFileType = sourcecode.swift; path = LessonPageModuleViewController.swift; sourceTree = "<group>"; };
		6709DF7525BAF105004C2827 /* LessonPageModuleInteractor.swift */ = {isa = PBXFileReference; lastKnownFileType = sourcecode.swift; path = LessonPageModuleInteractor.swift; sourceTree = "<group>"; };
		6709DF9325BAF866004C2827 /* LessonVideoModel.swift */ = {isa = PBXFileReference; lastKnownFileType = sourcecode.swift; path = LessonVideoModel.swift; sourceTree = "<group>"; };
		6709DF9825BAFC6B004C2827 /* LessonPageSingleViewController.swift */ = {isa = PBXFileReference; lastKnownFileType = sourcecode.swift; path = LessonPageSingleViewController.swift; sourceTree = "<group>"; };
		6709DFA225BB123C004C2827 /* Template.storyboard */ = {isa = PBXFileReference; lastKnownFileType = file.storyboard; path = Template.storyboard; sourceTree = "<group>"; };
		6709DFA725BB14A6004C2827 /* LessonVideoView.swift */ = {isa = PBXFileReference; lastKnownFileType = sourcecode.swift; path = LessonVideoView.swift; sourceTree = "<group>"; };
		6709DFBC25BB571D004C2827 /* LessonPageAuthViewController.swift */ = {isa = PBXFileReference; lastKnownFileType = sourcecode.swift; path = LessonPageAuthViewController.swift; sourceTree = "<group>"; };
		6709DFC525BC1DB6004C2827 /* RenderingEngine.swift */ = {isa = PBXFileReference; lastKnownFileType = sourcecode.swift; path = RenderingEngine.swift; sourceTree = "<group>"; };
		6709DFEE25BC2A2F004C2827 /* SampleVideo.mp4 */ = {isa = PBXFileReference; lastKnownFileType = file; name = SampleVideo.mp4; path = ../../../templateRenderingProject/templateRenderingProject/Assets/SampleVideo.mp4; sourceTree = "<group>"; };
		6709DFEF25BC2A2F004C2827 /* Pexels Videos 2795399.mp4 */ = {isa = PBXFileReference; lastKnownFileType = file; name = "Pexels Videos 2795399.mp4"; path = "../../../templateRenderingProject/templateRenderingProject/Assets/Pexels Videos 2795399.mp4"; sourceTree = "<group>"; };
		6709DFF025BC2A2F004C2827 /* production ID_4435249.mp4 */ = {isa = PBXFileReference; lastKnownFileType = file; name = "production ID_4435249.mp4"; path = "../../../templateRenderingProject/templateRenderingProject/Assets/production ID_4435249.mp4"; sourceTree = "<group>"; };
		6709DFF125BC2A2F004C2827 /* StartPageBackgroundVideo.mp4 */ = {isa = PBXFileReference; lastKnownFileType = file; name = StartPageBackgroundVideo.mp4; path = ../../../templateRenderingProject/templateRenderingProject/Assets/StartPageBackgroundVideo.mp4; sourceTree = "<group>"; };
		6709E01025BDB760004C2827 /* TemplatesPageContract.swift */ = {isa = PBXFileReference; lastKnownFileType = sourcecode.swift; path = TemplatesPageContract.swift; sourceTree = "<group>"; };
		6709E01125BDB760004C2827 /* TemplatesPagePresenter.swift */ = {isa = PBXFileReference; lastKnownFileType = sourcecode.swift; path = TemplatesPagePresenter.swift; sourceTree = "<group>"; };
		6709E01225BDB760004C2827 /* TemplatesPageRouter.swift */ = {isa = PBXFileReference; lastKnownFileType = sourcecode.swift; path = TemplatesPageRouter.swift; sourceTree = "<group>"; };
		6709E01325BDB760004C2827 /* TemplatesPageViewController.swift */ = {isa = PBXFileReference; lastKnownFileType = sourcecode.swift; path = TemplatesPageViewController.swift; sourceTree = "<group>"; };
		6709E01425BDB760004C2827 /* TemplatesPageInteractor.swift */ = {isa = PBXFileReference; lastKnownFileType = sourcecode.swift; path = TemplatesPageInteractor.swift; sourceTree = "<group>"; };
		6709E01E25BDB979004C2827 /* TemplateModels.swift */ = {isa = PBXFileReference; lastKnownFileType = sourcecode.swift; path = TemplateModels.swift; sourceTree = "<group>"; };
		6709E02725BDBB0F004C2827 /* Constants.swift */ = {isa = PBXFileReference; lastKnownFileType = sourcecode.swift; path = Constants.swift; sourceTree = "<group>"; };
		6709E03325BDBC3A004C2827 /* TemplatesPageCollectionViewCell.swift */ = {isa = PBXFileReference; lastKnownFileType = sourcecode.swift; path = TemplatesPageCollectionViewCell.swift; sourceTree = "<group>"; };
		6709E03925BDE2A0004C2827 /* LessonPageTransitionController.swift */ = {isa = PBXFileReference; lastKnownFileType = sourcecode.swift; path = LessonPageTransitionController.swift; sourceTree = "<group>"; };
		6709E04225BDE40F004C2827 /* LessonPageConstants.swift */ = {isa = PBXFileReference; lastKnownFileType = sourcecode.swift; path = LessonPageConstants.swift; sourceTree = "<group>"; };
/* End PBXFileReference section */

/* Begin PBXFrameworksBuildPhase section */
		6709DEDC25BAE2AE004C2827 /* Frameworks */ = {
			isa = PBXFrameworksBuildPhase;
			buildActionMask = 2147483647;
			files = (
			);
			runOnlyForDeploymentPostprocessing = 0;
		};
		6709DEF525BAE2B0004C2827 /* Frameworks */ = {
			isa = PBXFrameworksBuildPhase;
			buildActionMask = 2147483647;
			files = (
			);
			runOnlyForDeploymentPostprocessing = 0;
		};
		6709DF0025BAE2B0004C2827 /* Frameworks */ = {
			isa = PBXFrameworksBuildPhase;
			buildActionMask = 2147483647;
			files = (
			);
			runOnlyForDeploymentPostprocessing = 0;
		};
/* End PBXFrameworksBuildPhase section */

/* Begin PBXGroup section */
		6709DED625BAE2AE004C2827 = {
			isa = PBXGroup;
			children = (
				6709DEE125BAE2AE004C2827 /* VideoR */,
				6709DEFB25BAE2B0004C2827 /* VideoRTests */,
				6709DF0625BAE2B0004C2827 /* VideoRUITests */,
				6709DEE025BAE2AE004C2827 /* Products */,
			);
			sourceTree = "<group>";
		};
		6709DEE025BAE2AE004C2827 /* Products */ = {
			isa = PBXGroup;
			children = (
				6709DEDF25BAE2AE004C2827 /* VideoR.app */,
				6709DEF825BAE2B0004C2827 /* VideoRTests.xctest */,
				6709DF0325BAE2B0004C2827 /* VideoRUITests.xctest */,
			);
			name = Products;
			sourceTree = "<group>";
		};
		6709DEE125BAE2AE004C2827 /* VideoR */ = {
			isa = PBXGroup;
			children = (
				6709DFA125BB1214004C2827 /* TemplatesPage */,
				6709DF4A25BAE979004C2827 /* StartLessonPage */,
				6709DFC425BC1DA5004C2827 /* RenderingEngine */,
				6709DF5525BAEB93004C2827 /* Views */,
				6709DF3625BAE5B5004C2827 /* VideoAssets */,
				6709DF2D25BAE504004C2827 /* StartPageTransition */,
				6709DEF325BAE2B0004C2827 /* Info.plist */,
				6709DF1825BAE2CA004C2827 /* Resource */,
				6709DEE625BAE2AE004C2827 /* ViewController.swift */,
				6709DEEE25BAE2B0004C2827 /* Assets.xcassets */,
				6709DEEB25BAE2AE004C2827 /* VideoR.xcdatamodeld */,
			);
			path = VideoR;
			sourceTree = "<group>";
		};
		6709DEFB25BAE2B0004C2827 /* VideoRTests */ = {
			isa = PBXGroup;
			children = (
				6709DEFC25BAE2B0004C2827 /* VideoRTests.swift */,
				6709DEFE25BAE2B0004C2827 /* Info.plist */,
			);
			path = VideoRTests;
			sourceTree = "<group>";
		};
		6709DF0625BAE2B0004C2827 /* VideoRUITests */ = {
			isa = PBXGroup;
			children = (
				6709DF0725BAE2B0004C2827 /* VideoRUITests.swift */,
				6709DF0925BAE2B0004C2827 /* Info.plist */,
			);
			path = VideoRUITests;
			sourceTree = "<group>";
		};
		6709DF1825BAE2CA004C2827 /* Resource */ = {
			isa = PBXGroup;
			children = (
				6709DEE225BAE2AE004C2827 /* AppDelegate.swift */,
				6709DEE425BAE2AE004C2827 /* SceneDelegate.swift */,
				6709DEF025BAE2B0004C2827 /* LaunchScreen.storyboard */,
			);
			path = Resource;
			sourceTree = "<group>";
		};
		6709DF2D25BAE504004C2827 /* StartPageTransition */ = {
			isa = PBXGroup;
			children = (
				6709DF2E25BAE50F004C2827 /* StartPageAnimator.swift */,
			);
			path = StartPageTransition;
			sourceTree = "<group>";
		};
		6709DF3625BAE5B5004C2827 /* VideoAssets */ = {
			isa = PBXGroup;
			children = (
				6709DFEF25BC2A2F004C2827 /* Pexels Videos 2795399.mp4 */,
				6709DFF025BC2A2F004C2827 /* production ID_4435249.mp4 */,
				6709DFEE25BC2A2F004C2827 /* SampleVideo.mp4 */,
				6709DFF125BC2A2F004C2827 /* StartPageBackgroundVideo.mp4 */,
			);
			path = VideoAssets;
			sourceTree = "<group>";
		};
		6709DF4A25BAE979004C2827 /* StartLessonPage */ = {
			isa = PBXGroup;
			children = (
				6709DF4B25BAEA9A004C2827 /* Views */,
				6709E04125BDE400004C2827 /* Enums */,
				6709E03825BDE25C004C2827 /* TransitionAnimation */,
				6709DF9D25BAFC82004C2827 /* PageControllers */,
				6709DF8F25BAF84A004C2827 /* Models */,
				6709DF2825BAE46E004C2827 /* Main.storyboard */,
				6709DF7125BAF105004C2827 /* LessonPageModuleContract.swift */,
				6709DF7225BAF105004C2827 /* LessonPageModulePresenter.swift */,
				6709DF7325BAF105004C2827 /* LessonPageModuleRouter.swift */,
				6709DF7425BAF105004C2827 /* LessonPageModuleViewController.swift */,
				6709DF7525BAF105004C2827 /* LessonPageModuleInteractor.swift */,
			);
			path = StartLessonPage;
			sourceTree = "<group>";
		};
		6709DF4B25BAEA9A004C2827 /* Views */ = {
			isa = PBXGroup;
			children = (
				6709DF4C25BAEAB6004C2827 /* AppleIDButton.swift */,
				6709DF4E25BAEAB7004C2827 /* StartPageButton.swift */,
				6709DFA725BB14A6004C2827 /* LessonVideoView.swift */,
			);
			path = Views;
			sourceTree = "<group>";
		};
		6709DF5525BAEB93004C2827 /* Views */ = {
			isa = PBXGroup;
			children = (
				6709DF5625BAEBA8004C2827 /* VideoView.swift */,
			);
			path = Views;
			sourceTree = "<group>";
		};
		6709DF8F25BAF84A004C2827 /* Models */ = {
			isa = PBXGroup;
			children = (
				6709DF9325BAF866004C2827 /* LessonVideoModel.swift */,
			);
			path = Models;
			sourceTree = "<group>";
		};
		6709DF9D25BAFC82004C2827 /* PageControllers */ = {
			isa = PBXGroup;
			children = (
				6709DF9825BAFC6B004C2827 /* LessonPageSingleViewController.swift */,
				6709DFBC25BB571D004C2827 /* LessonPageAuthViewController.swift */,
			);
			path = PageControllers;
			sourceTree = "<group>";
		};
		6709DFA125BB1214004C2827 /* TemplatesPage */ = {
			isa = PBXGroup;
			children = (
				6709E02F25BDBBA4004C2827 /* Views */,
				6709E02625BDBB0A004C2827 /* Enums */,
				6709E01D25BDB96B004C2827 /* Entities */,
				6709DFA225BB123C004C2827 /* Template.storyboard */,
				6709E01025BDB760004C2827 /* TemplatesPageContract.swift */,
				6709E01125BDB760004C2827 /* TemplatesPagePresenter.swift */,
				6709E01225BDB760004C2827 /* TemplatesPageRouter.swift */,
				6709E01325BDB760004C2827 /* TemplatesPageViewController.swift */,
				6709E01425BDB760004C2827 /* TemplatesPageInteractor.swift */,
			);
			path = TemplatesPage;
			sourceTree = "<group>";
		};
		6709DFC425BC1DA5004C2827 /* RenderingEngine */ = {
			isa = PBXGroup;
			children = (
				6709DFC525BC1DB6004C2827 /* RenderingEngine.swift */,
			);
			path = RenderingEngine;
			sourceTree = "<group>";
		};
		6709E01D25BDB96B004C2827 /* Entities */ = {
			isa = PBXGroup;
			children = (
				6709E01E25BDB979004C2827 /* TemplateModels.swift */,
			);
			path = Entities;
			sourceTree = "<group>";
		};
		6709E02625BDBB0A004C2827 /* Enums */ = {
			isa = PBXGroup;
			children = (
				6709E02725BDBB0F004C2827 /* Constants.swift */,
			);
			path = Enums;
			sourceTree = "<group>";
		};
		6709E02F25BDBBA4004C2827 /* Views */ = {
			isa = PBXGroup;
			children = (
				6709E03325BDBC3A004C2827 /* TemplatesPageCollectionViewCell.swift */,
			);
			path = Views;
			sourceTree = "<group>";
		};
		6709E03825BDE25C004C2827 /* TransitionAnimation */ = {
			isa = PBXGroup;
			children = (
				6709E03925BDE2A0004C2827 /* LessonPageTransitionController.swift */,
			);
			path = TransitionAnimation;
			sourceTree = "<group>";
		};
		6709E04125BDE400004C2827 /* Enums */ = {
			isa = PBXGroup;
			children = (
				6709E04225BDE40F004C2827 /* LessonPageConstants.swift */,
			);
			path = Enums;
			sourceTree = "<group>";
		};
/* End PBXGroup section */

/* Begin PBXNativeTarget section */
		6709DEDE25BAE2AE004C2827 /* VideoR */ = {
			isa = PBXNativeTarget;
			buildConfigurationList = 6709DF0C25BAE2B0004C2827 /* Build configuration list for PBXNativeTarget "VideoR" */;
			buildPhases = (
				6709DEDB25BAE2AE004C2827 /* Sources */,
				6709DEDC25BAE2AE004C2827 /* Frameworks */,
				6709DEDD25BAE2AE004C2827 /* Resources */,
			);
			buildRules = (
			);
			dependencies = (
			);
			name = VideoR;
			productName = VideoR;
			productReference = 6709DEDF25BAE2AE004C2827 /* VideoR.app */;
			productType = "com.apple.product-type.application";
		};
		6709DEF725BAE2B0004C2827 /* VideoRTests */ = {
			isa = PBXNativeTarget;
			buildConfigurationList = 6709DF0F25BAE2B0004C2827 /* Build configuration list for PBXNativeTarget "VideoRTests" */;
			buildPhases = (
				6709DEF425BAE2B0004C2827 /* Sources */,
				6709DEF525BAE2B0004C2827 /* Frameworks */,
				6709DEF625BAE2B0004C2827 /* Resources */,
			);
			buildRules = (
			);
			dependencies = (
				6709DEFA25BAE2B0004C2827 /* PBXTargetDependency */,
			);
			name = VideoRTests;
			productName = VideoRTests;
			productReference = 6709DEF825BAE2B0004C2827 /* VideoRTests.xctest */;
			productType = "com.apple.product-type.bundle.unit-test";
		};
		6709DF0225BAE2B0004C2827 /* VideoRUITests */ = {
			isa = PBXNativeTarget;
			buildConfigurationList = 6709DF1225BAE2B0004C2827 /* Build configuration list for PBXNativeTarget "VideoRUITests" */;
			buildPhases = (
				6709DEFF25BAE2B0004C2827 /* Sources */,
				6709DF0025BAE2B0004C2827 /* Frameworks */,
				6709DF0125BAE2B0004C2827 /* Resources */,
			);
			buildRules = (
			);
			dependencies = (
				6709DF0525BAE2B0004C2827 /* PBXTargetDependency */,
			);
			name = VideoRUITests;
			productName = VideoRUITests;
			productReference = 6709DF0325BAE2B0004C2827 /* VideoRUITests.xctest */;
			productType = "com.apple.product-type.bundle.ui-testing";
		};
/* End PBXNativeTarget section */

/* Begin PBXProject section */
		6709DED725BAE2AE004C2827 /* Project object */ = {
			isa = PBXProject;
			attributes = {
				LastSwiftUpdateCheck = 1200;
				LastUpgradeCheck = 1200;
				TargetAttributes = {
					6709DEDE25BAE2AE004C2827 = {
						CreatedOnToolsVersion = 12.0.1;
					};
					6709DEF725BAE2B0004C2827 = {
						CreatedOnToolsVersion = 12.0.1;
						TestTargetID = 6709DEDE25BAE2AE004C2827;
					};
					6709DF0225BAE2B0004C2827 = {
						CreatedOnToolsVersion = 12.0.1;
						TestTargetID = 6709DEDE25BAE2AE004C2827;
					};
				};
			};
			buildConfigurationList = 6709DEDA25BAE2AE004C2827 /* Build configuration list for PBXProject "VideoR" */;
			compatibilityVersion = "Xcode 9.3";
			developmentRegion = en;
			hasScannedForEncodings = 0;
			knownRegions = (
				en,
				Base,
			);
			mainGroup = 6709DED625BAE2AE004C2827;
			productRefGroup = 6709DEE025BAE2AE004C2827 /* Products */;
			projectDirPath = "";
			projectRoot = "";
			targets = (
				6709DEDE25BAE2AE004C2827 /* VideoR */,
				6709DEF725BAE2B0004C2827 /* VideoRTests */,
				6709DF0225BAE2B0004C2827 /* VideoRUITests */,
			);
		};
/* End PBXProject section */

/* Begin PBXResourcesBuildPhase section */
		6709DEDD25BAE2AE004C2827 /* Resources */ = {
			isa = PBXResourcesBuildPhase;
			buildActionMask = 2147483647;
			files = (
				6709DEF225BAE2B0004C2827 /* LaunchScreen.storyboard in Resources */,
				6709DFF325BC2A2F004C2827 /* Pexels Videos 2795399.mp4 in Resources */,
				6709DF2925BAE46E004C2827 /* Main.storyboard in Resources */,
				6709DFF425BC2A2F004C2827 /* production ID_4435249.mp4 in Resources */,
				6709DFA325BB123C004C2827 /* Template.storyboard in Resources */,
				6709DFF525BC2A2F004C2827 /* StartPageBackgroundVideo.mp4 in Resources */,
				6709DFF225BC2A2F004C2827 /* SampleVideo.mp4 in Resources */,
				6709DEEF25BAE2B0004C2827 /* Assets.xcassets in Resources */,
			);
			runOnlyForDeploymentPostprocessing = 0;
		};
		6709DEF625BAE2B0004C2827 /* Resources */ = {
			isa = PBXResourcesBuildPhase;
			buildActionMask = 2147483647;
			files = (
			);
			runOnlyForDeploymentPostprocessing = 0;
		};
		6709DF0125BAE2B0004C2827 /* Resources */ = {
			isa = PBXResourcesBuildPhase;
			buildActionMask = 2147483647;
			files = (
			);
			runOnlyForDeploymentPostprocessing = 0;
		};
/* End PBXResourcesBuildPhase section */

/* Begin PBXSourcesBuildPhase section */
		6709DEDB25BAE2AE004C2827 /* Sources */ = {
			isa = PBXSourcesBuildPhase;
			buildActionMask = 2147483647;
			files = (
				6709E02825BDBB0F004C2827 /* Constants.swift in Sources */,
				6709DF7925BAF105004C2827 /* LessonPageModuleViewController.swift in Sources */,
				6709DFBD25BB571D004C2827 /* LessonPageAuthViewController.swift in Sources */,
				6709DF5125BAEAB7004C2827 /* StartPageButton.swift in Sources */,
				6709DF7725BAF105004C2827 /* LessonPageModulePresenter.swift in Sources */,
				6709E01925BDB760004C2827 /* TemplatesPageInteractor.swift in Sources */,
				6709DF7825BAF105004C2827 /* LessonPageModuleRouter.swift in Sources */,
				6709E01825BDB760004C2827 /* TemplatesPageViewController.swift in Sources */,
				6709E03A25BDE2A0004C2827 /* LessonPageTransitionController.swift in Sources */,
				6709DF7625BAF105004C2827 /* LessonPageModuleContract.swift in Sources */,
				6709DEED25BAE2AE004C2827 /* VideoR.xcdatamodeld in Sources */,
				6709DF2F25BAE50F004C2827 /* StartPageAnimator.swift in Sources */,
				6709DF9925BAFC6B004C2827 /* LessonPageSingleViewController.swift in Sources */,
				6709DFC625BC1DB6004C2827 /* RenderingEngine.swift in Sources */,
				6709DF5725BAEBA8004C2827 /* VideoView.swift in Sources */,
				6709E01625BDB760004C2827 /* TemplatesPagePresenter.swift in Sources */,
				6709DEE725BAE2AE004C2827 /* ViewController.swift in Sources */,
				6709DF7A25BAF105004C2827 /* LessonPageModuleInteractor.swift in Sources */,
				6709DEE325BAE2AE004C2827 /* AppDelegate.swift in Sources */,
				6709DEE525BAE2AE004C2827 /* SceneDelegate.swift in Sources */,
				6709E01725BDB760004C2827 /* TemplatesPageRouter.swift in Sources */,
				6709DFA825BB14A6004C2827 /* LessonVideoView.swift in Sources */,
				6709E03425BDBC3A004C2827 /* TemplatesPageCollectionViewCell.swift in Sources */,
				6709E01525BDB760004C2827 /* TemplatesPageContract.swift in Sources */,
				6709DF9425BAF866004C2827 /* LessonVideoModel.swift in Sources */,
				6709DF4F25BAEAB7004C2827 /* AppleIDButton.swift in Sources */,
				6709E04325BDE40F004C2827 /* LessonPageConstants.swift in Sources */,
				6709E01F25BDB979004C2827 /* TemplateModels.swift in Sources */,
			);
			runOnlyForDeploymentPostprocessing = 0;
		};
		6709DEF425BAE2B0004C2827 /* Sources */ = {
			isa = PBXSourcesBuildPhase;
			buildActionMask = 2147483647;
			files = (
				6709DEFD25BAE2B0004C2827 /* VideoRTests.swift in Sources */,
			);
			runOnlyForDeploymentPostprocessing = 0;
		};
		6709DEFF25BAE2B0004C2827 /* Sources */ = {
			isa = PBXSourcesBuildPhase;
			buildActionMask = 2147483647;
			files = (
				6709DF0825BAE2B0004C2827 /* VideoRUITests.swift in Sources */,
			);
			runOnlyForDeploymentPostprocessing = 0;
		};
/* End PBXSourcesBuildPhase section */

/* Begin PBXTargetDependency section */
		6709DEFA25BAE2B0004C2827 /* PBXTargetDependency */ = {
			isa = PBXTargetDependency;
			target = 6709DEDE25BAE2AE004C2827 /* VideoR */;
			targetProxy = 6709DEF925BAE2B0004C2827 /* PBXContainerItemProxy */;
		};
		6709DF0525BAE2B0004C2827 /* PBXTargetDependency */ = {
			isa = PBXTargetDependency;
			target = 6709DEDE25BAE2AE004C2827 /* VideoR */;
			targetProxy = 6709DF0425BAE2B0004C2827 /* PBXContainerItemProxy */;
		};
/* End PBXTargetDependency section */

/* Begin PBXVariantGroup section */
		6709DEF025BAE2B0004C2827 /* LaunchScreen.storyboard */ = {
			isa = PBXVariantGroup;
			children = (
				6709DEF125BAE2B0004C2827 /* Base */,
			);
			name = LaunchScreen.storyboard;
			sourceTree = "<group>";
		};
/* End PBXVariantGroup section */

/* Begin XCBuildConfiguration section */
		6709DF0A25BAE2B0004C2827 /* Debug */ = {
			isa = XCBuildConfiguration;
			buildSettings = {
				ALWAYS_SEARCH_USER_PATHS = NO;
				CLANG_ANALYZER_NONNULL = YES;
				CLANG_ANALYZER_NUMBER_OBJECT_CONVERSION = YES_AGGRESSIVE;
				CLANG_CXX_LANGUAGE_STANDARD = "gnu++14";
				CLANG_CXX_LIBRARY = "libc++";
				CLANG_ENABLE_MODULES = YES;
				CLANG_ENABLE_OBJC_ARC = YES;
				CLANG_ENABLE_OBJC_WEAK = YES;
				CLANG_WARN_BLOCK_CAPTURE_AUTORELEASING = YES;
				CLANG_WARN_BOOL_CONVERSION = YES;
				CLANG_WARN_COMMA = YES;
				CLANG_WARN_CONSTANT_CONVERSION = YES;
				CLANG_WARN_DEPRECATED_OBJC_IMPLEMENTATIONS = YES;
				CLANG_WARN_DIRECT_OBJC_ISA_USAGE = YES_ERROR;
				CLANG_WARN_DOCUMENTATION_COMMENTS = YES;
				CLANG_WARN_EMPTY_BODY = YES;
				CLANG_WARN_ENUM_CONVERSION = YES;
				CLANG_WARN_INFINITE_RECURSION = YES;
				CLANG_WARN_INT_CONVERSION = YES;
				CLANG_WARN_NON_LITERAL_NULL_CONVERSION = YES;
				CLANG_WARN_OBJC_IMPLICIT_RETAIN_SELF = YES;
				CLANG_WARN_OBJC_LITERAL_CONVERSION = YES;
				CLANG_WARN_OBJC_ROOT_CLASS = YES_ERROR;
				CLANG_WARN_QUOTED_INCLUDE_IN_FRAMEWORK_HEADER = YES;
				CLANG_WARN_RANGE_LOOP_ANALYSIS = YES;
				CLANG_WARN_STRICT_PROTOTYPES = YES;
				CLANG_WARN_SUSPICIOUS_MOVE = YES;
				CLANG_WARN_UNGUARDED_AVAILABILITY = YES_AGGRESSIVE;
				CLANG_WARN_UNREACHABLE_CODE = YES;
				CLANG_WARN__DUPLICATE_METHOD_MATCH = YES;
				COPY_PHASE_STRIP = NO;
				DEBUG_INFORMATION_FORMAT = dwarf;
				ENABLE_STRICT_OBJC_MSGSEND = YES;
				ENABLE_TESTABILITY = YES;
				GCC_C_LANGUAGE_STANDARD = gnu11;
				GCC_DYNAMIC_NO_PIC = NO;
				GCC_NO_COMMON_BLOCKS = YES;
				GCC_OPTIMIZATION_LEVEL = 0;
				GCC_PREPROCESSOR_DEFINITIONS = (
					"DEBUG=1",
					"$(inherited)",
				);
				GCC_WARN_64_TO_32_BIT_CONVERSION = YES;
				GCC_WARN_ABOUT_RETURN_TYPE = YES_ERROR;
				GCC_WARN_UNDECLARED_SELECTOR = YES;
				GCC_WARN_UNINITIALIZED_AUTOS = YES_AGGRESSIVE;
				GCC_WARN_UNUSED_FUNCTION = YES;
				GCC_WARN_UNUSED_VARIABLE = YES;
				IPHONEOS_DEPLOYMENT_TARGET = 14.0;
				MTL_ENABLE_DEBUG_INFO = INCLUDE_SOURCE;
				MTL_FAST_MATH = YES;
				ONLY_ACTIVE_ARCH = YES;
				SDKROOT = iphoneos;
				SWIFT_ACTIVE_COMPILATION_CONDITIONS = DEBUG;
				SWIFT_OPTIMIZATION_LEVEL = "-Onone";
			};
			name = Debug;
		};
		6709DF0B25BAE2B0004C2827 /* Release */ = {
			isa = XCBuildConfiguration;
			buildSettings = {
				ALWAYS_SEARCH_USER_PATHS = NO;
				CLANG_ANALYZER_NONNULL = YES;
				CLANG_ANALYZER_NUMBER_OBJECT_CONVERSION = YES_AGGRESSIVE;
				CLANG_CXX_LANGUAGE_STANDARD = "gnu++14";
				CLANG_CXX_LIBRARY = "libc++";
				CLANG_ENABLE_MODULES = YES;
				CLANG_ENABLE_OBJC_ARC = YES;
				CLANG_ENABLE_OBJC_WEAK = YES;
				CLANG_WARN_BLOCK_CAPTURE_AUTORELEASING = YES;
				CLANG_WARN_BOOL_CONVERSION = YES;
				CLANG_WARN_COMMA = YES;
				CLANG_WARN_CONSTANT_CONVERSION = YES;
				CLANG_WARN_DEPRECATED_OBJC_IMPLEMENTATIONS = YES;
				CLANG_WARN_DIRECT_OBJC_ISA_USAGE = YES_ERROR;
				CLANG_WARN_DOCUMENTATION_COMMENTS = YES;
				CLANG_WARN_EMPTY_BODY = YES;
				CLANG_WARN_ENUM_CONVERSION = YES;
				CLANG_WARN_INFINITE_RECURSION = YES;
				CLANG_WARN_INT_CONVERSION = YES;
				CLANG_WARN_NON_LITERAL_NULL_CONVERSION = YES;
				CLANG_WARN_OBJC_IMPLICIT_RETAIN_SELF = YES;
				CLANG_WARN_OBJC_LITERAL_CONVERSION = YES;
				CLANG_WARN_OBJC_ROOT_CLASS = YES_ERROR;
				CLANG_WARN_QUOTED_INCLUDE_IN_FRAMEWORK_HEADER = YES;
				CLANG_WARN_RANGE_LOOP_ANALYSIS = YES;
				CLANG_WARN_STRICT_PROTOTYPES = YES;
				CLANG_WARN_SUSPICIOUS_MOVE = YES;
				CLANG_WARN_UNGUARDED_AVAILABILITY = YES_AGGRESSIVE;
				CLANG_WARN_UNREACHABLE_CODE = YES;
				CLANG_WARN__DUPLICATE_METHOD_MATCH = YES;
				COPY_PHASE_STRIP = NO;
				DEBUG_INFORMATION_FORMAT = "dwarf-with-dsym";
				ENABLE_NS_ASSERTIONS = NO;
				ENABLE_STRICT_OBJC_MSGSEND = YES;
				GCC_C_LANGUAGE_STANDARD = gnu11;
				GCC_NO_COMMON_BLOCKS = YES;
				GCC_WARN_64_TO_32_BIT_CONVERSION = YES;
				GCC_WARN_ABOUT_RETURN_TYPE = YES_ERROR;
				GCC_WARN_UNDECLARED_SELECTOR = YES;
				GCC_WARN_UNINITIALIZED_AUTOS = YES_AGGRESSIVE;
				GCC_WARN_UNUSED_FUNCTION = YES;
				GCC_WARN_UNUSED_VARIABLE = YES;
				IPHONEOS_DEPLOYMENT_TARGET = 14.0;
				MTL_ENABLE_DEBUG_INFO = NO;
				MTL_FAST_MATH = YES;
				SDKROOT = iphoneos;
				SWIFT_COMPILATION_MODE = wholemodule;
				SWIFT_OPTIMIZATION_LEVEL = "-O";
				VALIDATE_PRODUCT = YES;
			};
			name = Release;
		};
		6709DF0D25BAE2B0004C2827 /* Debug */ = {
			isa = XCBuildConfiguration;
			buildSettings = {
				ASSETCATALOG_COMPILER_APPICON_NAME = AppIcon;
				ASSETCATALOG_COMPILER_GLOBAL_ACCENT_COLOR_NAME = AccentColor;
				CODE_SIGN_STYLE = Automatic;
				DEVELOPMENT_TEAM = PFU689U6NU;
				INFOPLIST_FILE = VideoR/Info.plist;
				LD_RUNPATH_SEARCH_PATHS = (
					"$(inherited)",
					"@executable_path/Frameworks",
				);
				PRODUCT_BUNDLE_IDENTIFIER = Felix.VideoR;
				PRODUCT_NAME = "$(TARGET_NAME)";
				SWIFT_VERSION = 5.0;
				TARGETED_DEVICE_FAMILY = "1,2";
			};
			name = Debug;
		};
		6709DF0E25BAE2B0004C2827 /* Release */ = {
			isa = XCBuildConfiguration;
			buildSettings = {
				ASSETCATALOG_COMPILER_APPICON_NAME = AppIcon;
				ASSETCATALOG_COMPILER_GLOBAL_ACCENT_COLOR_NAME = AccentColor;
				CODE_SIGN_STYLE = Automatic;
				DEVELOPMENT_TEAM = PFU689U6NU;
				INFOPLIST_FILE = VideoR/Info.plist;
				LD_RUNPATH_SEARCH_PATHS = (
					"$(inherited)",
					"@executable_path/Frameworks",
				);
				PRODUCT_BUNDLE_IDENTIFIER = Felix.VideoR;
				PRODUCT_NAME = "$(TARGET_NAME)";
				SWIFT_VERSION = 5.0;
				TARGETED_DEVICE_FAMILY = "1,2";
			};
			name = Release;
		};
		6709DF1025BAE2B0004C2827 /* Debug */ = {
			isa = XCBuildConfiguration;
			buildSettings = {
				ALWAYS_EMBED_SWIFT_STANDARD_LIBRARIES = YES;
				BUNDLE_LOADER = "$(TEST_HOST)";
				CODE_SIGN_STYLE = Automatic;
				DEVELOPMENT_TEAM = PFU689U6NU;
				INFOPLIST_FILE = VideoRTests/Info.plist;
				IPHONEOS_DEPLOYMENT_TARGET = 14.0;
				LD_RUNPATH_SEARCH_PATHS = (
					"$(inherited)",
					"@executable_path/Frameworks",
					"@loader_path/Frameworks",
				);
				PRODUCT_BUNDLE_IDENTIFIER = Felix.VideoRTests;
				PRODUCT_NAME = "$(TARGET_NAME)";
				SWIFT_VERSION = 5.0;
				TARGETED_DEVICE_FAMILY = "1,2";
				TEST_HOST = "$(BUILT_PRODUCTS_DIR)/VideoR.app/VideoR";
			};
			name = Debug;
		};
		6709DF1125BAE2B0004C2827 /* Release */ = {
			isa = XCBuildConfiguration;
			buildSettings = {
				ALWAYS_EMBED_SWIFT_STANDARD_LIBRARIES = YES;
				BUNDLE_LOADER = "$(TEST_HOST)";
				CODE_SIGN_STYLE = Automatic;
				DEVELOPMENT_TEAM = PFU689U6NU;
				INFOPLIST_FILE = VideoRTests/Info.plist;
				IPHONEOS_DEPLOYMENT_TARGET = 14.0;
				LD_RUNPATH_SEARCH_PATHS = (
					"$(inherited)",
					"@executable_path/Frameworks",
					"@loader_path/Frameworks",
				);
				PRODUCT_BUNDLE_IDENTIFIER = Felix.VideoRTests;
				PRODUCT_NAME = "$(TARGET_NAME)";
				SWIFT_VERSION = 5.0;
				TARGETED_DEVICE_FAMILY = "1,2";
				TEST_HOST = "$(BUILT_PRODUCTS_DIR)/VideoR.app/VideoR";
			};
			name = Release;
		};
		6709DF1325BAE2B0004C2827 /* Debug */ = {
			isa = XCBuildConfiguration;
			buildSettings = {
				ALWAYS_EMBED_SWIFT_STANDARD_LIBRARIES = YES;
				CODE_SIGN_STYLE = Automatic;
				DEVELOPMENT_TEAM = PFU689U6NU;
				INFOPLIST_FILE = VideoRUITests/Info.plist;
				LD_RUNPATH_SEARCH_PATHS = (
					"$(inherited)",
					"@executable_path/Frameworks",
					"@loader_path/Frameworks",
				);
				PRODUCT_BUNDLE_IDENTIFIER = Felix.VideoRUITests;
				PRODUCT_NAME = "$(TARGET_NAME)";
				SWIFT_VERSION = 5.0;
				TARGETED_DEVICE_FAMILY = "1,2";
				TEST_TARGET_NAME = VideoR;
			};
			name = Debug;
		};
		6709DF1425BAE2B0004C2827 /* Release */ = {
			isa = XCBuildConfiguration;
			buildSettings = {
				ALWAYS_EMBED_SWIFT_STANDARD_LIBRARIES = YES;
				CODE_SIGN_STYLE = Automatic;
				DEVELOPMENT_TEAM = PFU689U6NU;
				INFOPLIST_FILE = VideoRUITests/Info.plist;
				LD_RUNPATH_SEARCH_PATHS = (
					"$(inherited)",
					"@executable_path/Frameworks",
					"@loader_path/Frameworks",
				);
				PRODUCT_BUNDLE_IDENTIFIER = Felix.VideoRUITests;
				PRODUCT_NAME = "$(TARGET_NAME)";
				SWIFT_VERSION = 5.0;
				TARGETED_DEVICE_FAMILY = "1,2";
				TEST_TARGET_NAME = VideoR;
			};
			name = Release;
		};
/* End XCBuildConfiguration section */

/* Begin XCConfigurationList section */
		6709DEDA25BAE2AE004C2827 /* Build configuration list for PBXProject "VideoR" */ = {
			isa = XCConfigurationList;
			buildConfigurations = (
				6709DF0A25BAE2B0004C2827 /* Debug */,
				6709DF0B25BAE2B0004C2827 /* Release */,
			);
			defaultConfigurationIsVisible = 0;
			defaultConfigurationName = Release;
		};
		6709DF0C25BAE2B0004C2827 /* Build configuration list for PBXNativeTarget "VideoR" */ = {
			isa = XCConfigurationList;
			buildConfigurations = (
				6709DF0D25BAE2B0004C2827 /* Debug */,
				6709DF0E25BAE2B0004C2827 /* Release */,
			);
			defaultConfigurationIsVisible = 0;
			defaultConfigurationName = Release;
		};
		6709DF0F25BAE2B0004C2827 /* Build configuration list for PBXNativeTarget "VideoRTests" */ = {
			isa = XCConfigurationList;
			buildConfigurations = (
				6709DF1025BAE2B0004C2827 /* Debug */,
				6709DF1125BAE2B0004C2827 /* Release */,
			);
			defaultConfigurationIsVisible = 0;
			defaultConfigurationName = Release;
		};
		6709DF1225BAE2B0004C2827 /* Build configuration list for PBXNativeTarget "VideoRUITests" */ = {
			isa = XCConfigurationList;
			buildConfigurations = (
				6709DF1325BAE2B0004C2827 /* Debug */,
				6709DF1425BAE2B0004C2827 /* Release */,
			);
			defaultConfigurationIsVisible = 0;
			defaultConfigurationName = Release;
		};
/* End XCConfigurationList section */

/* Begin XCVersionGroup section */
		6709DEEB25BAE2AE004C2827 /* VideoR.xcdatamodeld */ = {
			isa = XCVersionGroup;
			children = (
				6709DEEC25BAE2AE004C2827 /* VideoR.xcdatamodel */,
			);
			currentVersion = 6709DEEC25BAE2AE004C2827 /* VideoR.xcdatamodel */;
			path = VideoR.xcdatamodeld;
			sourceTree = "<group>";
			versionGroupType = wrapper.xcdatamodel;
		};
/* End XCVersionGroup section */
	};
	rootObject = 6709DED725BAE2AE004C2827 /* Project object */;
}
